
Microsoft Visual Studio Solution File, Format Version 12.00
# Visual Studio Version 17
VisualStudioVersion = 17.12.35527.113 d17.12
MinimumVisualStudioVersion = 10.0.40219.1
Project("{FAE04EC0-301F-11D3-BF4B-00C04F79EFBC}") = "ProductsAPI", "ProductsAPI\ProductsAPI.csproj", "{784D45D4-C031-43D7-B459-69668CA2888B}"
EndProject
Project("{FAE04EC0-301F-11D3-BF4B-00C04F79EFBC}") = "ApplicationLayer", "ApplicationLayer\ApplicationLayer.csproj", "{57559600-9E26-47E2-961F-B0F5A4D0236B}"
EndProject
Project("{FAE04EC0-301F-11D3-BF4B-00C04F79EFBC}") = "DataAccessLayer", "DataAccessLayer\DataAccessLayer.csproj", "{8494599D-E072-47AC-993B-170FF53A8ACB}"
EndProject
Project("{FAE04EC0-301F-11D3-BF4B-00C04F79EFBC}") = "DomainLayer", "DomainLayer\DomainLayer.csproj", "{A23BABDD-2DB0-4B74-A097-5281FD262B85}"
EndProject
Global
	GlobalSection(SolutionConfigurationPlatforms) = preSolution
		Debug|Any CPU = Debug|Any CPU
		Release|Any CPU = Release|Any CPU
	EndGlobalSection
	GlobalSection(ProjectConfigurationPlatforms) = postSolution
		{784D45D4-C031-43D7-B459-69668CA2888B}.Debug|Any CPU.ActiveCfg = Debug|Any CPU
		{784D45D4-C031-43D7-B459-69668CA2888B}.Debug|Any CPU.Build.0 = Debug|Any CPU
		{784D45D4-C031-43D7-B459-69668CA2888B}.Release|Any CPU.ActiveCfg = Release|Any CPU
		{784D45D4-C031-43D7-B459-69668CA2888B}.Release|Any CPU.Build.0 = Release|Any CPU
		{57559600-9E26-47E2-961F-B0F5A4D0236B}.Debug|Any CPU.ActiveCfg = Debug|Any CPU
		{57559600-9E26-47E2-961F-B0F5A4D0236B}.Debug|Any CPU.Build.0 = Debug|Any CPU
		{57559600-9E26-47E2-961F-B0F5A4D0236B}.Release|Any CPU.ActiveCfg = Release|Any CPU
		{57559600-9E26-47E2-961F-B0F5A4D0236B}.Release|Any CPU.Build.0 = Release|Any CPU
		{8494599D-E072-47AC-993B-170FF53A8ACB}.Debug|Any CPU.ActiveCfg = Debug|Any CPU
		{8494599D-E072-47AC-993B-170FF53A8ACB}.Debug|Any CPU.Build.0 = Debug|Any CPU
		{8494599D-E072-47AC-993B-170FF53A8ACB}.Release|Any CPU.ActiveCfg = Release|Any CPU
		{8494599D-E072-47AC-993B-170FF53A8ACB}.Release|Any CPU.Build.0 = Release|Any CPU
		{A23BABDD-2DB0-4B74-A097-5281FD262B85}.Debug|Any CPU.ActiveCfg = Debug|Any CPU
		{A23BABDD-2DB0-4B74-A097-5281FD262B85}.Debug|Any CPU.Build.0 = Debug|Any CPU
		{A23BABDD-2DB0-4B74-A097-5281FD262B85}.Release|Any CPU.ActiveCfg = Release|Any CPU
		{A23BABDD-2DB0-4B74-A097-5281FD262B85}.Release|Any CPU.Build.0 = Release|Any CPU
	EndGlobalSection
	GlobalSection(SolutionProperties) = preSolution
		HideSolutionNode = FALSE
	EndGlobalSection
EndGlobal
